// !$*UTF8*$!
{
	archiveVersion = 1;
	classes = {
	};
	objectVersion = 55;
	objects = {

/* Begin PBXBuildFile section */
		EB4287221DB6D4D7D8ACD044 /* Pods_NewsProject.framework in Frameworks */ = {isa = PBXBuildFile; fileRef = 80500499D80D1C7DEF713719 /* Pods_NewsProject.framework */; };
		F63D789528EA9A8400711808 /* HistoryModel.swift in Sources */ = {isa = PBXBuildFile; fileRef = F63D789428EA9A8400711808 /* HistoryModel.swift */; };
		F63D789728EA9AB200711808 /* NewsAPIModel.swift in Sources */ = {isa = PBXBuildFile; fileRef = F63D789628EA9AB200711808 /* NewsAPIModel.swift */; };
		F63D789928EBE09700711808 /* DetailViewController.swift in Sources */ = {isa = PBXBuildFile; fileRef = F63D789828EBE09700711808 /* DetailViewController.swift */; };
		F683958528F5433B008477C8 /* String_Extension.swift in Sources */ = {isa = PBXBuildFile; fileRef = F683958428F5433B008477C8 /* String_Extension.swift */; };
		F69E3BC928EA885700A0ED96 /* SearchViewController.swift in Sources */ = {isa = PBXBuildFile; fileRef = F69E3BC828EA885600A0ED96 /* SearchViewController.swift */; };
		F69E3BCC28EA897E00A0ED96 /* HistoryTableViewCell.swift in Sources */ = {isa = PBXBuildFile; fileRef = F69E3BCA28EA897E00A0ED96 /* HistoryTableViewCell.swift */; };
		F69E3BCD28EA897F00A0ED96 /* HistoryTableViewCell.xib in Resources */ = {isa = PBXBuildFile; fileRef = F69E3BCB28EA897E00A0ED96 /* HistoryTableViewCell.xib */; };
		F69E3BD028EA8E3300A0ED96 /* NewsAPICall.swift in Sources */ = {isa = PBXBuildFile; fileRef = F69E3BCF28EA8E3300A0ED96 /* NewsAPICall.swift */; };
		F6A6553028E96440006EC9EC /* AppDelegate.swift in Sources */ = {isa = PBXBuildFile; fileRef = F6A6552F28E96440006EC9EC /* AppDelegate.swift */; };
		F6A6553228E96440006EC9EC /* SceneDelegate.swift in Sources */ = {isa = PBXBuildFile; fileRef = F6A6553128E96440006EC9EC /* SceneDelegate.swift */; };
		F6A6553428E96440006EC9EC /* DashBoardViewController.swift in Sources */ = {isa = PBXBuildFile; fileRef = F6A6553328E96440006EC9EC /* DashBoardViewController.swift */; };
		F6A6553728E96440006EC9EC /* Main.storyboard in Resources */ = {isa = PBXBuildFile; fileRef = F6A6553528E96440006EC9EC /* Main.storyboard */; };
		F6A6553928E96441006EC9EC /* Assets.xcassets in Resources */ = {isa = PBXBuildFile; fileRef = F6A6553828E96441006EC9EC /* Assets.xcassets */; };
		F6A6553C28E96441006EC9EC /* LaunchScreen.storyboard in Resources */ = {isa = PBXBuildFile; fileRef = F6A6553A28E96441006EC9EC /* LaunchScreen.storyboard */; };
		F6A6554828E9689F006EC9EC /* DashBoardTableViewCell.swift in Sources */ = {isa = PBXBuildFile; fileRef = F6A6554628E9689F006EC9EC /* DashBoardTableViewCell.swift */; };
		F6A6554928E9689F006EC9EC /* DashBoardTableViewCell.xib in Resources */ = {isa = PBXBuildFile; fileRef = F6A6554728E9689F006EC9EC /* DashBoardTableViewCell.xib */; };
		F6A6554B28E96B32006EC9EC /* NewsModel.swift in Sources */ = {isa = PBXBuildFile; fileRef = F6A6554A28E96B32006EC9EC /* NewsModel.swift */; };
		F6A6554D28E96D4F006EC9EC /* Constants.swift in Sources */ = {isa = PBXBuildFile; fileRef = F6A6554C28E96D4E006EC9EC /* Constants.swift */; };
/* End PBXBuildFile section */

/* Begin PBXFileReference section */
		21E7B128DF84FD2F245AF242 /* Pods-NewsProject.debug.xcconfig */ = {isa = PBXFileReference; includeInIndex = 1; lastKnownFileType = text.xcconfig; name = "Pods-NewsProject.debug.xcconfig"; path = "Target Support Files/Pods-NewsProject/Pods-NewsProject.debug.xcconfig"; sourceTree = "<group>"; };
		2B8C55045936ADF77D28F564 /* Pods-NewsProject.release.xcconfig */ = {isa = PBXFileReference; includeInIndex = 1; lastKnownFileType = text.xcconfig; name = "Pods-NewsProject.release.xcconfig"; path = "Target Support Files/Pods-NewsProject/Pods-NewsProject.release.xcconfig"; sourceTree = "<group>"; };
		80500499D80D1C7DEF713719 /* Pods_NewsProject.framework */ = {isa = PBXFileReference; explicitFileType = wrapper.framework; includeInIndex = 0; path = Pods_NewsProject.framework; sourceTree = BUILT_PRODUCTS_DIR; };
		F63D789428EA9A8400711808 /* HistoryModel.swift */ = {isa = PBXFileReference; lastKnownFileType = sourcecode.swift; path = HistoryModel.swift; sourceTree = "<group>"; };
		F63D789628EA9AB200711808 /* NewsAPIModel.swift */ = {isa = PBXFileReference; lastKnownFileType = sourcecode.swift; path = NewsAPIModel.swift; sourceTree = "<group>"; };
		F63D789828EBE09700711808 /* DetailViewController.swift */ = {isa = PBXFileReference; lastKnownFileType = sourcecode.swift; path = DetailViewController.swift; sourceTree = "<group>"; };
		F683958428F5433B008477C8 /* String_Extension.swift */ = {isa = PBXFileReference; lastKnownFileType = sourcecode.swift; path = String_Extension.swift; sourceTree = "<group>"; };
		F69E3BC828EA885600A0ED96 /* SearchViewController.swift */ = {isa = PBXFileReference; lastKnownFileType = sourcecode.swift; path = SearchViewController.swift; sourceTree = "<group>"; };
		F69E3BCA28EA897E00A0ED96 /* HistoryTableViewCell.swift */ = {isa = PBXFileReference; lastKnownFileType = sourcecode.swift; path = HistoryTableViewCell.swift; sourceTree = "<group>"; };
		F69E3BCB28EA897E00A0ED96 /* HistoryTableViewCell.xib */ = {isa = PBXFileReference; lastKnownFileType = file.xib; path = HistoryTableViewCell.xib; sourceTree = "<group>"; };
		F69E3BCF28EA8E3300A0ED96 /* NewsAPICall.swift */ = {isa = PBXFileReference; lastKnownFileType = sourcecode.swift; path = NewsAPICall.swift; sourceTree = "<group>"; };
		F6A6552C28E9643F006EC9EC /* NewsProject.app */ = {isa = PBXFileReference; explicitFileType = wrapper.application; includeInIndex = 0; path = NewsProject.app; sourceTree = BUILT_PRODUCTS_DIR; };
		F6A6552F28E96440006EC9EC /* AppDelegate.swift */ = {isa = PBXFileReference; lastKnownFileType = sourcecode.swift; path = AppDelegate.swift; sourceTree = "<group>"; };
		F6A6553128E96440006EC9EC /* SceneDelegate.swift */ = {isa = PBXFileReference; lastKnownFileType = sourcecode.swift; path = SceneDelegate.swift; sourceTree = "<group>"; };
		F6A6553328E96440006EC9EC /* DashBoardViewController.swift */ = {isa = PBXFileReference; lastKnownFileType = sourcecode.swift; path = DashBoardViewController.swift; sourceTree = "<group>"; };
		F6A6553628E96440006EC9EC /* Base */ = {isa = PBXFileReference; lastKnownFileType = file.storyboard; name = Base; path = Base.lproj/Main.storyboard; sourceTree = "<group>"; };
		F6A6553828E96441006EC9EC /* Assets.xcassets */ = {isa = PBXFileReference; lastKnownFileType = folder.assetcatalog; path = Assets.xcassets; sourceTree = "<group>"; };
		F6A6553B28E96441006EC9EC /* Base */ = {isa = PBXFileReference; lastKnownFileType = file.storyboard; name = Base; path = Base.lproj/LaunchScreen.storyboard; sourceTree = "<group>"; };
		F6A6553D28E96441006EC9EC /* Info.plist */ = {isa = PBXFileReference; lastKnownFileType = text.plist.xml; path = Info.plist; sourceTree = "<group>"; };
		F6A6554628E9689F006EC9EC /* DashBoardTableViewCell.swift */ = {isa = PBXFileReference; lastKnownFileType = sourcecode.swift; path = DashBoardTableViewCell.swift; sourceTree = "<group>"; };
		F6A6554728E9689F006EC9EC /* DashBoardTableViewCell.xib */ = {isa = PBXFileReference; lastKnownFileType = file.xib; path = DashBoardTableViewCell.xib; sourceTree = "<group>"; };
		F6A6554A28E96B32006EC9EC /* NewsModel.swift */ = {isa = PBXFileReference; lastKnownFileType = sourcecode.swift; path = NewsModel.swift; sourceTree = "<group>"; };
		F6A6554C28E96D4E006EC9EC /* Constants.swift */ = {isa = PBXFileReference; lastKnownFileType = sourcecode.swift; path = Constants.swift; sourceTree = "<group>"; };
/* End PBXFileReference section */

/* Begin PBXFrameworksBuildPhase section */
		F6A6552928E9643F006EC9EC /* Frameworks */ = {
			isa = PBXFrameworksBuildPhase;
			buildActionMask = 2147483647;
			files = (
				EB4287221DB6D4D7D8ACD044 /* Pods_NewsProject.framework in Frameworks */,
			);
			runOnlyForDeploymentPostprocessing = 0;
		};
/* End PBXFrameworksBuildPhase section */

/* Begin PBXGroup section */
		26E5AE3349E39D39D82D7F96 /* Pods */ = {
			isa = PBXGroup;
			children = (
				21E7B128DF84FD2F245AF242 /* Pods-NewsProject.debug.xcconfig */,
				2B8C55045936ADF77D28F564 /* Pods-NewsProject.release.xcconfig */,
			);
			path = Pods;
			sourceTree = "<group>";
		};
		E06FEFCFCC64336176E30FA7 /* Frameworks */ = {
			isa = PBXGroup;
			children = (
				80500499D80D1C7DEF713719 /* Pods_NewsProject.framework */,
			);
			name = Frameworks;
			sourceTree = "<group>";
		};
		F683958328F54324008477C8 /* Extension */ = {
			isa = PBXGroup;
			children = (
				F683958428F5433B008477C8 /* String_Extension.swift */,
			);
			path = Extension;
			sourceTree = "<group>";
		};
		F69E3BCE28EA8E2000A0ED96 /* Service */ = {
			isa = PBXGroup;
			children = (
				F69E3BCF28EA8E3300A0ED96 /* NewsAPICall.swift */,
			);
			path = Service;
			sourceTree = "<group>";
		};
		F6A6552328E9643F006EC9EC = {
			isa = PBXGroup;
			children = (
				F6A6552E28E9643F006EC9EC /* NewsProject */,
				F6A6552D28E9643F006EC9EC /* Products */,
				26E5AE3349E39D39D82D7F96 /* Pods */,
				E06FEFCFCC64336176E30FA7 /* Frameworks */,
			);
			sourceTree = "<group>";
		};
		F6A6552D28E9643F006EC9EC /* Products */ = {
			isa = PBXGroup;
			children = (
				F6A6552C28E9643F006EC9EC /* NewsProject.app */,
			);
			name = Products;
			sourceTree = "<group>";
		};
		F6A6552E28E9643F006EC9EC /* NewsProject */ = {
			isa = PBXGroup;
			children = (
				F683958328F54324008477C8 /* Extension */,
				F69E3BCE28EA8E2000A0ED96 /* Service */,
				F6A6554328E9644D006EC9EC /* Model */,
				F6A6554428E96457006EC9EC /* View */,
				F6A6554528E9645F006EC9EC /* Controller */,
				F6A6552F28E96440006EC9EC /* AppDelegate.swift */,
				F6A6553128E96440006EC9EC /* SceneDelegate.swift */,
				F6A6553828E96441006EC9EC /* Assets.xcassets */,
				F6A6553A28E96441006EC9EC /* LaunchScreen.storyboard */,
				F6A6553D28E96441006EC9EC /* Info.plist */,
				F6A6554C28E96D4E006EC9EC /* Constants.swift */,
			);
			path = NewsProject;
			sourceTree = "<group>";
		};
		F6A6554328E9644D006EC9EC /* Model */ = {
			isa = PBXGroup;
			children = (
				F6A6554A28E96B32006EC9EC /* NewsModel.swift */,
				F63D789428EA9A8400711808 /* HistoryModel.swift */,
				F63D789628EA9AB200711808 /* NewsAPIModel.swift */,
			);
			path = Model;
			sourceTree = "<group>";
		};
		F6A6554428E96457006EC9EC /* View */ = {
			isa = PBXGroup;
			children = (
				F6A6553528E96440006EC9EC /* Main.storyboard */,
				F6A6554628E9689F006EC9EC /* DashBoardTableViewCell.swift */,
				F6A6554728E9689F006EC9EC /* DashBoardTableViewCell.xib */,
				F69E3BCA28EA897E00A0ED96 /* HistoryTableViewCell.swift */,
				F69E3BCB28EA897E00A0ED96 /* HistoryTableViewCell.xib */,
			);
			path = View;
			sourceTree = "<group>";
		};
		F6A6554528E9645F006EC9EC /* Controller */ = {
			isa = PBXGroup;
			children = (
				F6A6553328E96440006EC9EC /* DashBoardViewController.swift */,
				F69E3BC828EA885600A0ED96 /* SearchViewController.swift */,
				F63D789828EBE09700711808 /* DetailViewController.swift */,
			);
			path = Controller;
			sourceTree = "<group>";
		};
/* End PBXGroup section */

/* Begin PBXNativeTarget section */
		F6A6552B28E9643F006EC9EC /* NewsProject */ = {
			isa = PBXNativeTarget;
			buildConfigurationList = F6A6554028E96441006EC9EC /* Build configuration list for PBXNativeTarget "NewsProject" */;
			buildPhases = (
				D3E6344E9A2731839ABBAEB9 /* [CP] Check Pods Manifest.lock */,
				F6A6552828E9643F006EC9EC /* Sources */,
				F6A6552928E9643F006EC9EC /* Frameworks */,
				F6A6552A28E9643F006EC9EC /* Resources */,
				2EED2DBA4853602CA8FF5D3A /* [CP] Embed Pods Frameworks */,
			);
			buildRules = (
			);
			dependencies = (
			);
			name = NewsProject;
			productName = NewsProject;
			productReference = F6A6552C28E9643F006EC9EC /* NewsProject.app */;
			productType = "com.apple.product-type.application";
		};
/* End PBXNativeTarget section */

/* Begin PBXProject section */
		F6A6552428E9643F006EC9EC /* Project object */ = {
			isa = PBXProject;
			attributes = {
				BuildIndependentTargetsInParallel = 1;
				LastSwiftUpdateCheck = 1340;
				LastUpgradeCheck = 1340;
				TargetAttributes = {
					F6A6552B28E9643F006EC9EC = {
						CreatedOnToolsVersion = 13.4.1;
					};
				};
			};
			buildConfigurationList = F6A6552728E9643F006EC9EC /* Build configuration list for PBXProject "NewsProject" */;
			compatibilityVersion = "Xcode 13.0";
			developmentRegion = en;
			hasScannedForEncodings = 0;
			knownRegions = (
				en,
				Base,
			);
			mainGroup = F6A6552328E9643F006EC9EC;
			productRefGroup = F6A6552D28E9643F006EC9EC /* Products */;
			projectDirPath = "";
			projectRoot = "";
			targets = (
				F6A6552B28E9643F006EC9EC /* NewsProject */,
			);
		};
/* End PBXProject section */

/* Begin PBXResourcesBuildPhase section */
		F6A6552A28E9643F006EC9EC /* Resources */ = {
			isa = PBXResourcesBuildPhase;
			buildActionMask = 2147483647;
			files = (
				F6A6553C28E96441006EC9EC /* LaunchScreen.storyboard in Resources */,
				F69E3BCD28EA897F00A0ED96 /* HistoryTableViewCell.xib in Resources */,
				F6A6553928E96441006EC9EC /* Assets.xcassets in Resources */,
				F6A6554928E9689F006EC9EC /* DashBoardTableViewCell.xib in Resources */,
				F6A6553728E96440006EC9EC /* Main.storyboard in Resources */,
			);
			runOnlyForDeploymentPostprocessing = 0;
		};
/* End PBXResourcesBuildPhase section */

/* Begin PBXShellScriptBuildPhase section */
		2EED2DBA4853602CA8FF5D3A /* [CP] Embed Pods Frameworks */ = {
			isa = PBXShellScriptBuildPhase;
			buildActionMask = 2147483647;
			files = (
			);
			inputFileListPaths = (
				"${PODS_ROOT}/Target Support Files/Pods-NewsProject/Pods-NewsProject-frameworks-${CONFIGURATION}-input-files.xcfilelist",
			);
			name = "[CP] Embed Pods Frameworks";
			outputFileListPaths = (
				"${PODS_ROOT}/Target Support Files/Pods-NewsProject/Pods-NewsProject-frameworks-${CONFIGURATION}-output-files.xcfilelist",
			);
			runOnlyForDeploymentPostprocessing = 0;
			shellPath = /bin/sh;
			shellScript = "\"${PODS_ROOT}/Target Support Files/Pods-NewsProject/Pods-NewsProject-frameworks.sh\"\n";
			showEnvVarsInLog = 0;
		};
		D3E6344E9A2731839ABBAEB9 /* [CP] Check Pods Manifest.lock */ = {
			isa = PBXShellScriptBuildPhase;
			buildActionMask = 2147483647;
			files = (
			);
			inputFileListPaths = (
			);
			inputPaths = (
				"${PODS_PODFILE_DIR_PATH}/Podfile.lock",
				"${PODS_ROOT}/Manifest.lock",
			);
			name = "[CP] Check Pods Manifest.lock";
			outputFileListPaths = (
			);
			outputPaths = (
				"$(DERIVED_FILE_DIR)/Pods-NewsProject-checkManifestLockResult.txt",
			);
			runOnlyForDeploymentPostprocessing = 0;
			shellPath = /bin/sh;
			shellScript = "diff \"${PODS_PODFILE_DIR_PATH}/Podfile.lock\" \"${PODS_ROOT}/Manifest.lock\" > /dev/null\nif [ $? != 0 ] ; then\n    # print error to STDERR\n    echo \"error: The sandbox is not in sync with the Podfile.lock. Run 'pod install' or update your CocoaPods installation.\" >&2\n    exit 1\nfi\n# This output is used by Xcode 'outputs' to avoid re-running this script phase.\necho \"SUCCESS\" > \"${SCRIPT_OUTPUT_FILE_0}\"\n";
			showEnvVarsInLog = 0;
		};
/* End PBXShellScriptBuildPhase section */

/* Begin PBXSourcesBuildPhase section */
		F6A6552828E9643F006EC9EC /* Sources */ = {
			isa = PBXSourcesBuildPhase;
			buildActionMask = 2147483647;
			files = (
				F6A6553428E96440006EC9EC /* DashBoardViewController.swift in Sources */,
				F69E3BC928EA885700A0ED96 /* SearchViewController.swift in Sources */,
				F69E3BCC28EA897E00A0ED96 /* HistoryTableViewCell.swift in Sources */,
				F63D789928EBE09700711808 /* DetailViewController.swift in Sources */,
				F683958528F5433B008477C8 /* String_Extension.swift in Sources */,
				F6A6553028E96440006EC9EC /* AppDelegate.swift in Sources */,
				F6A6554828E9689F006EC9EC /* DashBoardTableViewCell.swift in Sources */,
				F63D789728EA9AB200711808 /* NewsAPIModel.swift in Sources */,
				F6A6553228E96440006EC9EC /* SceneDelegate.swift in Sources */,
				F63D789528EA9A8400711808 /* HistoryModel.swift in Sources */,
				F6A6554B28E96B32006EC9EC /* NewsModel.swift in Sources */,
				F6A6554D28E96D4F006EC9EC /* Constants.swift in Sources */,
				F69E3BD028EA8E3300A0ED96 /* NewsAPICall.swift in Sources */,
			);
			runOnlyForDeploymentPostprocessing = 0;
		};
/* End PBXSourcesBuildPhase section */

/* Begin PBXVariantGroup section */
		F6A6553528E96440006EC9EC /* Main.storyboard */ = {
			isa = PBXVariantGroup;
			children = (
				F6A6553628E96440006EC9EC /* Base */,
			);
			name = Main.storyboard;
			sourceTree = "<group>";
		};
		F6A6553A28E96441006EC9EC /* LaunchScreen.storyboard */ = {
			isa = PBXVariantGroup;
			children = (
				F6A6553B28E96441006EC9EC /* Base */,
			);
			name = LaunchScreen.storyboard;
			sourceTree = "<group>";
		};
/* End PBXVariantGroup section */

/* Begin XCBuildConfiguration section */
		F6A6553E28E96441006EC9EC /* Debug */ = {
			isa = XCBuildConfiguration;
			buildSettings = {
				ALWAYS_SEARCH_USER_PATHS = NO;
				CLANG_ANALYZER_NONNULL = YES;
				CLANG_ANALYZER_NUMBER_OBJECT_CONVERSION = YES_AGGRESSIVE;
				CLANG_CXX_LANGUAGE_STANDARD = "gnu++17";
				CLANG_ENABLE_MODULES = YES;
				CLANG_ENABLE_OBJC_ARC = YES;
				CLANG_ENABLE_OBJC_WEAK = YES;
				CLANG_WARN_BLOCK_CAPTURE_AUTORELEASING = YES;
				CLANG_WARN_BOOL_CONVERSION = YES;
				CLANG_WARN_COMMA = YES;
				CLANG_WARN_CONSTANT_CONVERSION = YES;
				CLANG_WARN_DEPRECATED_OBJC_IMPLEMENTATIONS = YES;
				CLANG_WARN_DIRECT_OBJC_ISA_USAGE = YES_ERROR;
				CLANG_WARN_DOCUMENTATION_COMMENTS = YES;
				CLANG_WARN_EMPTY_BODY = YES;
				CLANG_WARN_ENUM_CONVERSION = YES;
				CLANG_WARN_INFINITE_RECURSION = YES;
				CLANG_WARN_INT_CONVERSION = YES;
				CLANG_WARN_NON_LITERAL_NULL_CONVERSION = YES;
				CLANG_WARN_OBJC_IMPLICIT_RETAIN_SELF = YES;
				CLANG_WARN_OBJC_LITERAL_CONVERSION = YES;
				CLANG_WARN_OBJC_ROOT_CLASS = YES_ERROR;
				CLANG_WARN_QUOTED_INCLUDE_IN_FRAMEWORK_HEADER = YES;
				CLANG_WARN_RANGE_LOOP_ANALYSIS = YES;
				CLANG_WARN_STRICT_PROTOTYPES = YES;
				CLANG_WARN_SUSPICIOUS_MOVE = YES;
				CLANG_WARN_UNGUARDED_AVAILABILITY = YES_AGGRESSIVE;
				CLANG_WARN_UNREACHABLE_CODE = YES;
				CLANG_WARN__DUPLICATE_METHOD_MATCH = YES;
				COPY_PHASE_STRIP = NO;
				DEBUG_INFORMATION_FORMAT = dwarf;
				ENABLE_STRICT_OBJC_MSGSEND = YES;
				ENABLE_TESTABILITY = YES;
				GCC_C_LANGUAGE_STANDARD = gnu11;
				GCC_DYNAMIC_NO_PIC = NO;
				GCC_NO_COMMON_BLOCKS = YES;
				GCC_OPTIMIZATION_LEVEL = 0;
				GCC_PREPROCESSOR_DEFINITIONS = (
					"DEBUG=1",
					"$(inherited)",
				);
				GCC_WARN_64_TO_32_BIT_CONVERSION = YES;
				GCC_WARN_ABOUT_RETURN_TYPE = YES_ERROR;
				GCC_WARN_UNDECLARED_SELECTOR = YES;
				GCC_WARN_UNINITIALIZED_AUTOS = YES_AGGRESSIVE;
				GCC_WARN_UNUSED_FUNCTION = YES;
				GCC_WARN_UNUSED_VARIABLE = YES;
				IPHONEOS_DEPLOYMENT_TARGET = 15.5;
				MTL_ENABLE_DEBUG_INFO = INCLUDE_SOURCE;
				MTL_FAST_MATH = YES;
				ONLY_ACTIVE_ARCH = YES;
				SDKROOT = iphoneos;
				SWIFT_ACTIVE_COMPILATION_CONDITIONS = DEBUG;
				SWIFT_OPTIMIZATION_LEVEL = "-Onone";
			};
			name = Debug;
		};
		F6A6553F28E96441006EC9EC /* Release */ = {
			isa = XCBuildConfiguration;
			buildSettings = {
				ALWAYS_SEARCH_USER_PATHS = NO;
				CLANG_ANALYZER_NONNULL = YES;
				CLANG_ANALYZER_NUMBER_OBJECT_CONVERSION = YES_AGGRESSIVE;
				CLANG_CXX_LANGUAGE_STANDARD = "gnu++17";
				CLANG_ENABLE_MODULES = YES;
				CLANG_ENABLE_OBJC_ARC = YES;
				CLANG_ENABLE_OBJC_WEAK = YES;
				CLANG_WARN_BLOCK_CAPTURE_AUTORELEASING = YES;
				CLANG_WARN_BOOL_CONVERSION = YES;
				CLANG_WARN_COMMA = YES;
				CLANG_WARN_CONSTANT_CONVERSION = YES;
				CLANG_WARN_DEPRECATED_OBJC_IMPLEMENTATIONS = YES;
				CLANG_WARN_DIRECT_OBJC_ISA_USAGE = YES_ERROR;
				CLANG_WARN_DOCUMENTATION_COMMENTS = YES;
				CLANG_WARN_EMPTY_BODY = YES;
				CLANG_WARN_ENUM_CONVERSION = YES;
				CLANG_WARN_INFINITE_RECURSION = YES;
				CLANG_WARN_INT_CONVERSION = YES;
				CLANG_WARN_NON_LITERAL_NULL_CONVERSION = YES;
				CLANG_WARN_OBJC_IMPLICIT_RETAIN_SELF = YES;
				CLANG_WARN_OBJC_LITERAL_CONVERSION = YES;
				CLANG_WARN_OBJC_ROOT_CLASS = YES_ERROR;
				CLANG_WARN_QUOTED_INCLUDE_IN_FRAMEWORK_HEADER = YES;
				CLANG_WARN_RANGE_LOOP_ANALYSIS = YES;
				CLANG_WARN_STRICT_PROTOTYPES = YES;
				CLANG_WARN_SUSPICIOUS_MOVE = YES;
				CLANG_WARN_UNGUARDED_AVAILABILITY = YES_AGGRESSIVE;
				CLANG_WARN_UNREACHABLE_CODE = YES;
				CLANG_WARN__DUPLICATE_METHOD_MATCH = YES;
				COPY_PHASE_STRIP = NO;
				DEBUG_INFORMATION_FORMAT = "dwarf-with-dsym";
				ENABLE_NS_ASSERTIONS = NO;
				ENABLE_STRICT_OBJC_MSGSEND = YES;
				GCC_C_LANGUAGE_STANDARD = gnu11;
				GCC_NO_COMMON_BLOCKS = YES;
				GCC_WARN_64_TO_32_BIT_CONVERSION = YES;
				GCC_WARN_ABOUT_RETURN_TYPE = YES_ERROR;
				GCC_WARN_UNDECLARED_SELECTOR = YES;
				GCC_WARN_UNINITIALIZED_AUTOS = YES_AGGRESSIVE;
				GCC_WARN_UNUSED_FUNCTION = YES;
				GCC_WARN_UNUSED_VARIABLE = YES;
				IPHONEOS_DEPLOYMENT_TARGET = 15.5;
				MTL_ENABLE_DEBUG_INFO = NO;
				MTL_FAST_MATH = YES;
				SDKROOT = iphoneos;
				SWIFT_COMPILATION_MODE = wholemodule;
				SWIFT_OPTIMIZATION_LEVEL = "-O";
				VALIDATE_PRODUCT = YES;
			};
			name = Release;
		};
		F6A6554128E96441006EC9EC /* Debug */ = {
			isa = XCBuildConfiguration;
			baseConfigurationReference = 21E7B128DF84FD2F245AF242 /* Pods-NewsProject.debug.xcconfig */;
			buildSettings = {
				ASSETCATALOG_COMPILER_APPICON_NAME = AppIcon;
				ASSETCATALOG_COMPILER_GLOBAL_ACCENT_COLOR_NAME = AccentColor;
				CODE_SIGN_STYLE = Automatic;
				CURRENT_PROJECT_VERSION = 1;
				DEVELOPMENT_TEAM = 9P94RVBS7W;
				GENERATE_INFOPLIST_FILE = YES;
				INFOPLIST_FILE = NewsProject/Info.plist;
				INFOPLIST_KEY_UIApplicationSupportsIndirectInputEvents = YES;
				INFOPLIST_KEY_UILaunchStoryboardName = LaunchScreen;
				INFOPLIST_KEY_UIMainStoryboardFile = Main;
				INFOPLIST_KEY_UISupportedInterfaceOrientations_iPad = "UIInterfaceOrientationPortrait UIInterfaceOrientationPortraitUpsideDown UIInterfaceOrientationLandscapeLeft UIInterfaceOrientationLandscapeRight";
				INFOPLIST_KEY_UISupportedInterfaceOrientations_iPhone = "UIInterfaceOrientationPortrait UIInterfaceOrientationLandscapeLeft UIInterfaceOrientationLandscapeRight";
				LD_RUNPATH_SEARCH_PATHS = (
					"$(inherited)",
					"@executable_path/Frameworks",
				);
				MARKETING_VERSION = 1.0;
				PRODUCT_BUNDLE_IDENTIFIER = com.magicbox.NewsProject;
				PRODUCT_NAME = "$(TARGET_NAME)";
				SWIFT_EMIT_LOC_STRINGS = YES;
				SWIFT_VERSION = 5.0;
				TARGETED_DEVICE_FAMILY = "1,2";
			};
			name = Debug;
		};
		F6A6554228E96441006EC9EC /* Release */ = {
			isa = XCBuildConfiguration;
			baseConfigurationReference = 2B8C55045936ADF77D28F564 /* Pods-NewsProject.release.xcconfig */;
			buildSettings = {
				ASSETCATALOG_COMPILER_APPICON_NAME = AppIcon;
				ASSETCATALOG_COMPILER_GLOBAL_ACCENT_COLOR_NAME = AccentColor;
				CODE_SIGN_STYLE = Automatic;
				CURRENT_PROJECT_VERSION = 1;
				DEVELOPMENT_TEAM = 9P94RVBS7W;
				GENERATE_INFOPLIST_FILE = YES;
				INFOPLIST_FILE = NewsProject/Info.plist;
				INFOPLIST_KEY_UIApplicationSupportsIndirectInputEvents = YES;
				INFOPLIST_KEY_UILaunchStoryboardName = LaunchScreen;
				INFOPLIST_KEY_UIMainStoryboardFile = Main;
				INFOPLIST_KEY_UISupportedInterfaceOrientations_iPad = "UIInterfaceOrientationPortrait UIInterfaceOrientationPortraitUpsideDown UIInterfaceOrientationLandscapeLeft UIInterfaceOrientationLandscapeRight";
				INFOPLIST_KEY_UISupportedInterfaceOrientations_iPhone = "UIInterfaceOrientationPortrait UIInterfaceOrientationLandscapeLeft UIInterfaceOrientationLandscapeRight";
				LD_RUNPATH_SEARCH_PATHS = (
					"$(inherited)",
					"@executable_path/Frameworks",
				);
				MARKETING_VERSION = 1.0;
				PRODUCT_BUNDLE_IDENTIFIER = com.magicbox.NewsProject;
				PRODUCT_NAME = "$(TARGET_NAME)";
				SWIFT_EMIT_LOC_STRINGS = YES;
				SWIFT_VERSION = 5.0;
				TARGETED_DEVICE_FAMILY = "1,2";
			};
			name = Release;
		};
/* End XCBuildConfiguration section */

/* Begin XCConfigurationList section */
		F6A6552728E9643F006EC9EC /* Build configuration list for PBXProject "NewsProject" */ = {
			isa = XCConfigurationList;
			buildConfigurations = (
				F6A6553E28E96441006EC9EC /* Debug */,
				F6A6553F28E96441006EC9EC /* Release */,
			);
			defaultConfigurationIsVisible = 0;
			defaultConfigurationName = Release;
		};
		F6A6554028E96441006EC9EC /* Build configuration list for PBXNativeTarget "NewsProject" */ = {
			isa = XCConfigurationList;
			buildConfigurations = (
				F6A6554128E96441006EC9EC /* Debug */,
				F6A6554228E96441006EC9EC /* Release */,
			);
			defaultConfigurationIsVisible = 0;
			defaultConfigurationName = Release;
		};
/* End XCConfigurationList section */
	};
	rootObject = F6A6552428E9643F006EC9EC /* Project object */;
}
